
Microsoft Visual Studio Solution File, Format Version 12.00
# Visual Studio 15
VisualStudioVersion = 15.0.28307.136
MinimumVisualStudioVersion = 10.0.40219.1
Project("{FAE04EC0-301F-11D3-BF4B-00C04F79EFBC}") = "DapperExtraCRUD", "DapperExtraCRUD\DapperExtraCRUD.csproj", "{4DBE71C1-2ECD-4192-BC66-E4D1C8DCEC08}"
EndProject
Project("{FAE04EC0-301F-11D3-BF4B-00C04F79EFBC}") = "UnitTests", "UnitTests\UnitTests.csproj", "{81F97E4B-4BCF-44EA-951C-158D08FC9592}"
EndProject
Project("{FAE04EC0-301F-11D3-BF4B-00C04F79EFBC}") = "DapperExtraCRUD.Persistence", "DapperExtraCRUD.Persistence\DapperExtraCRUD.Persistence.csproj", "{3059BA7E-5590-4BBC-A38E-1AEDC7D8A8A1}"
EndProject
Global
	GlobalSection(SolutionConfigurationPlatforms) = preSolution
		Debug|Any CPU = Debug|Any CPU
		Debug|ARM = Debug|ARM
		Debug|ARM64 = Debug|ARM64
		Debug|Mixed Platforms = Debug|Mixed Platforms
		Debug|x64 = Debug|x64
		Debug|x86 = Debug|x86
		Release|Any CPU = Release|Any CPU
		Release|ARM = Release|ARM
		Release|ARM64 = Release|ARM64
		Release|Mixed Platforms = Release|Mixed Platforms
		Release|x64 = Release|x64
		Release|x86 = Release|x86
	EndGlobalSection
	GlobalSection(ProjectConfigurationPlatforms) = postSolution
		{4DBE71C1-2ECD-4192-BC66-E4D1C8DCEC08}.Debug|Any CPU.ActiveCfg = Debug|Any CPU
		{4DBE71C1-2ECD-4192-BC66-E4D1C8DCEC08}.Debug|Any CPU.Build.0 = Debug|Any CPU
		{4DBE71C1-2ECD-4192-BC66-E4D1C8DCEC08}.Debug|ARM.ActiveCfg = Debug|Any CPU
		{4DBE71C1-2ECD-4192-BC66-E4D1C8DCEC08}.Debug|ARM.Build.0 = Debug|Any CPU
		{4DBE71C1-2ECD-4192-BC66-E4D1C8DCEC08}.Debug|ARM64.ActiveCfg = Debug|Any CPU
		{4DBE71C1-2ECD-4192-BC66-E4D1C8DCEC08}.Debug|ARM64.Build.0 = Debug|Any CPU
		{4DBE71C1-2ECD-4192-BC66-E4D1C8DCEC08}.Debug|Mixed Platforms.ActiveCfg = Debug|Any CPU
		{4DBE71C1-2ECD-4192-BC66-E4D1C8DCEC08}.Debug|Mixed Platforms.Build.0 = Debug|Any CPU
		{4DBE71C1-2ECD-4192-BC66-E4D1C8DCEC08}.Debug|x64.ActiveCfg = Debug|Any CPU
		{4DBE71C1-2ECD-4192-BC66-E4D1C8DCEC08}.Debug|x64.Build.0 = Debug|Any CPU
		{4DBE71C1-2ECD-4192-BC66-E4D1C8DCEC08}.Debug|x86.ActiveCfg = Debug|Any CPU
		{4DBE71C1-2ECD-4192-BC66-E4D1C8DCEC08}.Debug|x86.Build.0 = Debug|Any CPU
		{4DBE71C1-2ECD-4192-BC66-E4D1C8DCEC08}.Release|Any CPU.ActiveCfg = Release|Any CPU
		{4DBE71C1-2ECD-4192-BC66-E4D1C8DCEC08}.Release|Any CPU.Build.0 = Release|Any CPU
		{4DBE71C1-2ECD-4192-BC66-E4D1C8DCEC08}.Release|ARM.ActiveCfg = Release|Any CPU
		{4DBE71C1-2ECD-4192-BC66-E4D1C8DCEC08}.Release|ARM.Build.0 = Release|Any CPU
		{4DBE71C1-2ECD-4192-BC66-E4D1C8DCEC08}.Release|ARM64.ActiveCfg = Release|Any CPU
		{4DBE71C1-2ECD-4192-BC66-E4D1C8DCEC08}.Release|ARM64.Build.0 = Release|Any CPU
		{4DBE71C1-2ECD-4192-BC66-E4D1C8DCEC08}.Release|Mixed Platforms.ActiveCfg = Release|Any CPU
		{4DBE71C1-2ECD-4192-BC66-E4D1C8DCEC08}.Release|Mixed Platforms.Build.0 = Release|Any CPU
		{4DBE71C1-2ECD-4192-BC66-E4D1C8DCEC08}.Release|x64.ActiveCfg = Release|Any CPU
		{4DBE71C1-2ECD-4192-BC66-E4D1C8DCEC08}.Release|x64.Build.0 = Release|Any CPU
		{4DBE71C1-2ECD-4192-BC66-E4D1C8DCEC08}.Release|x86.ActiveCfg = Release|Any CPU
		{4DBE71C1-2ECD-4192-BC66-E4D1C8DCEC08}.Release|x86.Build.0 = Release|Any CPU
		{81F97E4B-4BCF-44EA-951C-158D08FC9592}.Debug|Any CPU.ActiveCfg = Debug|Any CPU
		{81F97E4B-4BCF-44EA-951C-158D08FC9592}.Debug|Any CPU.Build.0 = Debug|Any CPU
		{81F97E4B-4BCF-44EA-951C-158D08FC9592}.Debug|ARM.ActiveCfg = Debug|Any CPU
		{81F97E4B-4BCF-44EA-951C-158D08FC9592}.Debug|ARM.Build.0 = Debug|Any CPU
		{81F97E4B-4BCF-44EA-951C-158D08FC9592}.Debug|ARM64.ActiveCfg = Debug|Any CPU
		{81F97E4B-4BCF-44EA-951C-158D08FC9592}.Debug|ARM64.Build.0 = Debug|Any CPU
		{81F97E4B-4BCF-44EA-951C-158D08FC9592}.Debug|Mixed Platforms.ActiveCfg = Debug|Any CPU
		{81F97E4B-4BCF-44EA-951C-158D08FC9592}.Debug|Mixed Platforms.Build.0 = Debug|Any CPU
		{81F97E4B-4BCF-44EA-951C-158D08FC9592}.Debug|x64.ActiveCfg = Debug|Any CPU
		{81F97E4B-4BCF-44EA-951C-158D08FC9592}.Debug|x64.Build.0 = Debug|Any CPU
		{81F97E4B-4BCF-44EA-951C-158D08FC9592}.Debug|x86.ActiveCfg = Debug|Any CPU
		{81F97E4B-4BCF-44EA-951C-158D08FC9592}.Debug|x86.Build.0 = Debug|Any CPU
		{81F97E4B-4BCF-44EA-951C-158D08FC9592}.Release|Any CPU.ActiveCfg = Release|Any CPU
		{81F97E4B-4BCF-44EA-951C-158D08FC9592}.Release|Any CPU.Build.0 = Release|Any CPU
		{81F97E4B-4BCF-44EA-951C-158D08FC9592}.Release|ARM.ActiveCfg = Release|Any CPU
		{81F97E4B-4BCF-44EA-951C-158D08FC9592}.Release|ARM.Build.0 = Release|Any CPU
		{81F97E4B-4BCF-44EA-951C-158D08FC9592}.Release|ARM64.ActiveCfg = Release|Any CPU
		{81F97E4B-4BCF-44EA-951C-158D08FC9592}.Release|ARM64.Build.0 = Release|Any CPU
		{81F97E4B-4BCF-44EA-951C-158D08FC9592}.Release|Mixed Platforms.ActiveCfg = Release|Any CPU
		{81F97E4B-4BCF-44EA-951C-158D08FC9592}.Release|Mixed Platforms.Build.0 = Release|Any CPU
		{81F97E4B-4BCF-44EA-951C-158D08FC9592}.Release|x64.ActiveCfg = Release|Any CPU
		{81F97E4B-4BCF-44EA-951C-158D08FC9592}.Release|x64.Build.0 = Release|Any CPU
		{81F97E4B-4BCF-44EA-951C-158D08FC9592}.Release|x86.ActiveCfg = Release|Any CPU
		{81F97E4B-4BCF-44EA-951C-158D08FC9592}.Release|x86.Build.0 = Release|Any CPU
		{3059BA7E-5590-4BBC-A38E-1AEDC7D8A8A1}.Debug|Any CPU.ActiveCfg = Debug|Any CPU
		{3059BA7E-5590-4BBC-A38E-1AEDC7D8A8A1}.Debug|Any CPU.Build.0 = Debug|Any CPU
		{3059BA7E-5590-4BBC-A38E-1AEDC7D8A8A1}.Debug|ARM.ActiveCfg = Debug|Any CPU
		{3059BA7E-5590-4BBC-A38E-1AEDC7D8A8A1}.Debug|ARM.Build.0 = Debug|Any CPU
		{3059BA7E-5590-4BBC-A38E-1AEDC7D8A8A1}.Debug|ARM64.ActiveCfg = Debug|Any CPU
		{3059BA7E-5590-4BBC-A38E-1AEDC7D8A8A1}.Debug|ARM64.Build.0 = Debug|Any CPU
		{3059BA7E-5590-4BBC-A38E-1AEDC7D8A8A1}.Debug|Mixed Platforms.ActiveCfg = Debug|Any CPU
		{3059BA7E-5590-4BBC-A38E-1AEDC7D8A8A1}.Debug|Mixed Platforms.Build.0 = Debug|Any CPU
		{3059BA7E-5590-4BBC-A38E-1AEDC7D8A8A1}.Debug|x64.ActiveCfg = Debug|Any CPU
		{3059BA7E-5590-4BBC-A38E-1AEDC7D8A8A1}.Debug|x64.Build.0 = Debug|Any CPU
		{3059BA7E-5590-4BBC-A38E-1AEDC7D8A8A1}.Debug|x86.ActiveCfg = Debug|Any CPU
		{3059BA7E-5590-4BBC-A38E-1AEDC7D8A8A1}.Debug|x86.Build.0 = Debug|Any CPU
		{3059BA7E-5590-4BBC-A38E-1AEDC7D8A8A1}.Release|Any CPU.ActiveCfg = Release|Any CPU
		{3059BA7E-5590-4BBC-A38E-1AEDC7D8A8A1}.Release|Any CPU.Build.0 = Release|Any CPU
		{3059BA7E-5590-4BBC-A38E-1AEDC7D8A8A1}.Release|ARM.ActiveCfg = Release|Any CPU
		{3059BA7E-5590-4BBC-A38E-1AEDC7D8A8A1}.Release|ARM.Build.0 = Release|Any CPU
		{3059BA7E-5590-4BBC-A38E-1AEDC7D8A8A1}.Release|ARM64.ActiveCfg = Release|Any CPU
		{3059BA7E-5590-4BBC-A38E-1AEDC7D8A8A1}.Release|ARM64.Build.0 = Release|Any CPU
		{3059BA7E-5590-4BBC-A38E-1AEDC7D8A8A1}.Release|Mixed Platforms.ActiveCfg = Release|Any CPU
		{3059BA7E-5590-4BBC-A38E-1AEDC7D8A8A1}.Release|Mixed Platforms.Build.0 = Release|Any CPU
		{3059BA7E-5590-4BBC-A38E-1AEDC7D8A8A1}.Release|x64.ActiveCfg = Release|Any CPU
		{3059BA7E-5590-4BBC-A38E-1AEDC7D8A8A1}.Release|x64.Build.0 = Release|Any CPU
		{3059BA7E-5590-4BBC-A38E-1AEDC7D8A8A1}.Release|x86.ActiveCfg = Release|Any CPU
		{3059BA7E-5590-4BBC-A38E-1AEDC7D8A8A1}.Release|x86.Build.0 = Release|Any CPU
	EndGlobalSection
	GlobalSection(SolutionProperties) = preSolution
		HideSolutionNode = FALSE
	EndGlobalSection
	GlobalSection(ExtensibilityGlobals) = postSolution
		SolutionGuid = {C2D4389B-41E8-40E8-BB73-0692C89335E5}
	EndGlobalSection
	GlobalSection(TestCaseManagementSettings) = postSolution
		CategoryFile = Fasterflect.vsmdi
	EndGlobalSection
EndGlobal
