
Microsoft Visual Studio Solution File, Format Version 12.00
# Visual Studio 15
VisualStudioVersion = 15.0.28307.136
MinimumVisualStudioVersion = 10.0.40219.1
Project("{FAE04EC0-301F-11D3-BF4B-00C04F79EFBC}") = "DapperExtraCRUD", "DapperExtraCRUD\DapperExtraCRUD.csproj", "{4DBE71C1-2ECD-4192-BC66-E4D1C8DCEC08}"
EndProject
Project("{2150E333-8FDC-42A3-9474-1A3956D46DE8}") = "Solution Items", "Solution Items", "{65C619B0-3B3E-4482-848C-1BC17CA71711}"
	ProjectSection(SolutionItems) = preProject
		..\fasterflect\fasterflect\CodeCoverage.testsettings = ..\fasterflect\fasterflect\CodeCoverage.testsettings
		..\fasterflect\fasterflect\Default.testsettings = ..\fasterflect\fasterflect\Default.testsettings
		..\fasterflect\fasterflect\Fasterflect.vsmdi = ..\fasterflect\fasterflect\Fasterflect.vsmdi
		..\fasterflect\fasterflect\key.snk = ..\fasterflect\fasterflect\key.snk
		..\fasterflect\fasterflect\SolutionInfo.cs = ..\fasterflect\fasterflect\SolutionInfo.cs
	EndProjectSection
EndProject
Project("{FAE04EC0-301F-11D3-BF4B-00C04F79EFBC}") = "UnitTests", "UnitTests\UnitTests.csproj", "{1AA4E771-2227-45A7-A906-FC54FE7F77EA}"
EndProject
Global
	GlobalSection(SolutionConfigurationPlatforms) = preSolution
		Debug|Any CPU = Debug|Any CPU
		Debug|Mixed Platforms = Debug|Mixed Platforms
		Debug|x86 = Debug|x86
		Release|Any CPU = Release|Any CPU
		Release|Mixed Platforms = Release|Mixed Platforms
		Release|x86 = Release|x86
	EndGlobalSection
	GlobalSection(ProjectConfigurationPlatforms) = postSolution
		{4DBE71C1-2ECD-4192-BC66-E4D1C8DCEC08}.Debug|Any CPU.ActiveCfg = Debug|Any CPU
		{4DBE71C1-2ECD-4192-BC66-E4D1C8DCEC08}.Debug|Any CPU.Build.0 = Debug|Any CPU
		{4DBE71C1-2ECD-4192-BC66-E4D1C8DCEC08}.Debug|Mixed Platforms.ActiveCfg = Debug|Any CPU
		{4DBE71C1-2ECD-4192-BC66-E4D1C8DCEC08}.Debug|Mixed Platforms.Build.0 = Debug|Any CPU
		{4DBE71C1-2ECD-4192-BC66-E4D1C8DCEC08}.Debug|x86.ActiveCfg = Debug|Any CPU
		{4DBE71C1-2ECD-4192-BC66-E4D1C8DCEC08}.Debug|x86.Build.0 = Debug|Any CPU
		{4DBE71C1-2ECD-4192-BC66-E4D1C8DCEC08}.Release|Any CPU.ActiveCfg = Release|Any CPU
		{4DBE71C1-2ECD-4192-BC66-E4D1C8DCEC08}.Release|Any CPU.Build.0 = Release|Any CPU
		{4DBE71C1-2ECD-4192-BC66-E4D1C8DCEC08}.Release|Mixed Platforms.ActiveCfg = Release|Any CPU
		{4DBE71C1-2ECD-4192-BC66-E4D1C8DCEC08}.Release|Mixed Platforms.Build.0 = Release|Any CPU
		{4DBE71C1-2ECD-4192-BC66-E4D1C8DCEC08}.Release|x86.ActiveCfg = Release|Any CPU
		{4DBE71C1-2ECD-4192-BC66-E4D1C8DCEC08}.Release|x86.Build.0 = Release|Any CPU
		{1AA4E771-2227-45A7-A906-FC54FE7F77EA}.Debug|Any CPU.ActiveCfg = Debug|Any CPU
		{1AA4E771-2227-45A7-A906-FC54FE7F77EA}.Debug|Any CPU.Build.0 = Debug|Any CPU
		{1AA4E771-2227-45A7-A906-FC54FE7F77EA}.Debug|Mixed Platforms.ActiveCfg = Debug|Any CPU
		{1AA4E771-2227-45A7-A906-FC54FE7F77EA}.Debug|Mixed Platforms.Build.0 = Debug|Any CPU
		{1AA4E771-2227-45A7-A906-FC54FE7F77EA}.Debug|x86.ActiveCfg = Debug|Any CPU
		{1AA4E771-2227-45A7-A906-FC54FE7F77EA}.Debug|x86.Build.0 = Debug|Any CPU
		{1AA4E771-2227-45A7-A906-FC54FE7F77EA}.Release|Any CPU.ActiveCfg = Release|Any CPU
		{1AA4E771-2227-45A7-A906-FC54FE7F77EA}.Release|Any CPU.Build.0 = Release|Any CPU
		{1AA4E771-2227-45A7-A906-FC54FE7F77EA}.Release|Mixed Platforms.ActiveCfg = Release|Any CPU
		{1AA4E771-2227-45A7-A906-FC54FE7F77EA}.Release|Mixed Platforms.Build.0 = Release|Any CPU
		{1AA4E771-2227-45A7-A906-FC54FE7F77EA}.Release|x86.ActiveCfg = Release|Any CPU
		{1AA4E771-2227-45A7-A906-FC54FE7F77EA}.Release|x86.Build.0 = Release|Any CPU
	EndGlobalSection
	GlobalSection(SolutionProperties) = preSolution
		HideSolutionNode = FALSE
	EndGlobalSection
	GlobalSection(ExtensibilityGlobals) = postSolution
		SolutionGuid = {C2D4389B-41E8-40E8-BB73-0692C89335E5}
	EndGlobalSection
	GlobalSection(TestCaseManagementSettings) = postSolution
		CategoryFile = Fasterflect.vsmdi
	EndGlobalSection
EndGlobal
