
Microsoft Visual Studio Solution File, Format Version 12.00
# Visual Studio Version 16
VisualStudioVersion = 16.0.29519.87
MinimumVisualStudioVersion = 10.0.40219.1
Project("{9A19103F-16F7-4668-BE54-9A1E7A4F7556}") = "DapperExtraCRUD", "DapperExtraCRUD\DapperExtraCRUD.csproj", "{4DBE71C1-2ECD-4192-BC66-E4D1C8DCEC08}"
EndProject
Project("{FAE04EC0-301F-11D3-BF4B-00C04F79EFBC}") = "DapperTracer", "DapperTracer\DapperTracer.csproj", "{B5F579C6-357F-43E4-9D2D-DE5AE46A9BD7}"
EndProject
Project("{FAE04EC0-301F-11D3-BF4B-00C04F79EFBC}") = "ConsoleTests", "ConsoleTests\ConsoleTests.csproj", "{965BB116-B0E0-4BAC-B1D3-C1F573420F37}"
EndProject
Project("{2150E333-8FDC-42A3-9474-1A3956D46DE8}") = "Solution Items", "Solution Items", "{1284C261-3A3D-4CDB-B189-F40DA74C0FF2}"
	ProjectSection(SolutionItems) = preProject
		README.md = README.md
	EndProjectSection
EndProject
Project("{9A19103F-16F7-4668-BE54-9A1E7A4F7556}") = "DapperExtraCRUD.Cache", "DapperExtraCRUD.Cache\DapperExtraCRUD.Cache.csproj", "{3059BA7E-5590-4BBC-A38E-1AEDC7D8A8A1}"
EndProject
Project("{FAE04EC0-301F-11D3-BF4B-00C04F79EFBC}") = "Benchmarks", "Benchmarks\Benchmarks.csproj", "{5D35001D-5C45-4035-9484-8CD3D2EDAAF8}"
EndProject
Project("{FAE04EC0-301F-11D3-BF4B-00C04F79EFBC}") = "DapperExtraCRUD.Cache.Example", "DapperExtraCRUD.Cache.Example\DapperExtraCRUD.Cache.Example.csproj", "{0BE78AF8-2899-4EC8-A4F2-E4FB33D59B21}"
EndProject
Global
	GlobalSection(SolutionConfigurationPlatforms) = preSolution
		Debug|Any CPU = Debug|Any CPU
		Debug|ARM = Debug|ARM
		Debug|ARM64 = Debug|ARM64
		Debug|Mixed Platforms = Debug|Mixed Platforms
		Debug|x64 = Debug|x64
		Debug|x86 = Debug|x86
		Release|Any CPU = Release|Any CPU
		Release|ARM = Release|ARM
		Release|ARM64 = Release|ARM64
		Release|Mixed Platforms = Release|Mixed Platforms
		Release|x64 = Release|x64
		Release|x86 = Release|x86
	EndGlobalSection
	GlobalSection(ProjectConfigurationPlatforms) = postSolution
		{4DBE71C1-2ECD-4192-BC66-E4D1C8DCEC08}.Debug|Any CPU.ActiveCfg = Debug|Any CPU
		{4DBE71C1-2ECD-4192-BC66-E4D1C8DCEC08}.Debug|Any CPU.Build.0 = Debug|Any CPU
		{4DBE71C1-2ECD-4192-BC66-E4D1C8DCEC08}.Debug|ARM.ActiveCfg = Debug|Any CPU
		{4DBE71C1-2ECD-4192-BC66-E4D1C8DCEC08}.Debug|ARM.Build.0 = Debug|Any CPU
		{4DBE71C1-2ECD-4192-BC66-E4D1C8DCEC08}.Debug|ARM64.ActiveCfg = Debug|Any CPU
		{4DBE71C1-2ECD-4192-BC66-E4D1C8DCEC08}.Debug|ARM64.Build.0 = Debug|Any CPU
		{4DBE71C1-2ECD-4192-BC66-E4D1C8DCEC08}.Debug|Mixed Platforms.ActiveCfg = Debug|Any CPU
		{4DBE71C1-2ECD-4192-BC66-E4D1C8DCEC08}.Debug|Mixed Platforms.Build.0 = Debug|Any CPU
		{4DBE71C1-2ECD-4192-BC66-E4D1C8DCEC08}.Debug|x64.ActiveCfg = Debug|Any CPU
		{4DBE71C1-2ECD-4192-BC66-E4D1C8DCEC08}.Debug|x64.Build.0 = Debug|Any CPU
		{4DBE71C1-2ECD-4192-BC66-E4D1C8DCEC08}.Debug|x86.ActiveCfg = Debug|Any CPU
		{4DBE71C1-2ECD-4192-BC66-E4D1C8DCEC08}.Debug|x86.Build.0 = Debug|Any CPU
		{4DBE71C1-2ECD-4192-BC66-E4D1C8DCEC08}.Release|Any CPU.ActiveCfg = Release|Any CPU
		{4DBE71C1-2ECD-4192-BC66-E4D1C8DCEC08}.Release|Any CPU.Build.0 = Release|Any CPU
		{4DBE71C1-2ECD-4192-BC66-E4D1C8DCEC08}.Release|ARM.ActiveCfg = Release|Any CPU
		{4DBE71C1-2ECD-4192-BC66-E4D1C8DCEC08}.Release|ARM.Build.0 = Release|Any CPU
		{4DBE71C1-2ECD-4192-BC66-E4D1C8DCEC08}.Release|ARM64.ActiveCfg = Release|Any CPU
		{4DBE71C1-2ECD-4192-BC66-E4D1C8DCEC08}.Release|ARM64.Build.0 = Release|Any CPU
		{4DBE71C1-2ECD-4192-BC66-E4D1C8DCEC08}.Release|Mixed Platforms.ActiveCfg = Release|Any CPU
		{4DBE71C1-2ECD-4192-BC66-E4D1C8DCEC08}.Release|Mixed Platforms.Build.0 = Release|Any CPU
		{4DBE71C1-2ECD-4192-BC66-E4D1C8DCEC08}.Release|x64.ActiveCfg = Release|Any CPU
		{4DBE71C1-2ECD-4192-BC66-E4D1C8DCEC08}.Release|x64.Build.0 = Release|Any CPU
		{4DBE71C1-2ECD-4192-BC66-E4D1C8DCEC08}.Release|x86.ActiveCfg = Release|Any CPU
		{4DBE71C1-2ECD-4192-BC66-E4D1C8DCEC08}.Release|x86.Build.0 = Release|Any CPU
		{B5F579C6-357F-43E4-9D2D-DE5AE46A9BD7}.Debug|Any CPU.ActiveCfg = Debug|Any CPU
		{B5F579C6-357F-43E4-9D2D-DE5AE46A9BD7}.Debug|ARM.ActiveCfg = Debug|Any CPU
		{B5F579C6-357F-43E4-9D2D-DE5AE46A9BD7}.Debug|ARM.Build.0 = Debug|Any CPU
		{B5F579C6-357F-43E4-9D2D-DE5AE46A9BD7}.Debug|ARM64.ActiveCfg = Debug|Any CPU
		{B5F579C6-357F-43E4-9D2D-DE5AE46A9BD7}.Debug|ARM64.Build.0 = Debug|Any CPU
		{B5F579C6-357F-43E4-9D2D-DE5AE46A9BD7}.Debug|Mixed Platforms.ActiveCfg = Debug|Any CPU
		{B5F579C6-357F-43E4-9D2D-DE5AE46A9BD7}.Debug|Mixed Platforms.Build.0 = Debug|Any CPU
		{B5F579C6-357F-43E4-9D2D-DE5AE46A9BD7}.Debug|x64.ActiveCfg = Debug|Any CPU
		{B5F579C6-357F-43E4-9D2D-DE5AE46A9BD7}.Debug|x64.Build.0 = Debug|Any CPU
		{B5F579C6-357F-43E4-9D2D-DE5AE46A9BD7}.Debug|x86.ActiveCfg = Debug|Any CPU
		{B5F579C6-357F-43E4-9D2D-DE5AE46A9BD7}.Debug|x86.Build.0 = Debug|Any CPU
		{B5F579C6-357F-43E4-9D2D-DE5AE46A9BD7}.Release|Any CPU.ActiveCfg = Release|Any CPU
		{B5F579C6-357F-43E4-9D2D-DE5AE46A9BD7}.Release|ARM.ActiveCfg = Release|Any CPU
		{B5F579C6-357F-43E4-9D2D-DE5AE46A9BD7}.Release|ARM.Build.0 = Release|Any CPU
		{B5F579C6-357F-43E4-9D2D-DE5AE46A9BD7}.Release|ARM64.ActiveCfg = Release|Any CPU
		{B5F579C6-357F-43E4-9D2D-DE5AE46A9BD7}.Release|ARM64.Build.0 = Release|Any CPU
		{B5F579C6-357F-43E4-9D2D-DE5AE46A9BD7}.Release|Mixed Platforms.ActiveCfg = Release|Any CPU
		{B5F579C6-357F-43E4-9D2D-DE5AE46A9BD7}.Release|Mixed Platforms.Build.0 = Release|Any CPU
		{B5F579C6-357F-43E4-9D2D-DE5AE46A9BD7}.Release|x64.ActiveCfg = Release|Any CPU
		{B5F579C6-357F-43E4-9D2D-DE5AE46A9BD7}.Release|x64.Build.0 = Release|Any CPU
		{B5F579C6-357F-43E4-9D2D-DE5AE46A9BD7}.Release|x86.ActiveCfg = Release|Any CPU
		{B5F579C6-357F-43E4-9D2D-DE5AE46A9BD7}.Release|x86.Build.0 = Release|Any CPU
		{965BB116-B0E0-4BAC-B1D3-C1F573420F37}.Debug|Any CPU.ActiveCfg = Debug|Any CPU
		{965BB116-B0E0-4BAC-B1D3-C1F573420F37}.Debug|Any CPU.Build.0 = Debug|Any CPU
		{965BB116-B0E0-4BAC-B1D3-C1F573420F37}.Debug|ARM.ActiveCfg = Debug|Any CPU
		{965BB116-B0E0-4BAC-B1D3-C1F573420F37}.Debug|ARM.Build.0 = Debug|Any CPU
		{965BB116-B0E0-4BAC-B1D3-C1F573420F37}.Debug|ARM64.ActiveCfg = Debug|Any CPU
		{965BB116-B0E0-4BAC-B1D3-C1F573420F37}.Debug|ARM64.Build.0 = Debug|Any CPU
		{965BB116-B0E0-4BAC-B1D3-C1F573420F37}.Debug|Mixed Platforms.ActiveCfg = Debug|Any CPU
		{965BB116-B0E0-4BAC-B1D3-C1F573420F37}.Debug|Mixed Platforms.Build.0 = Debug|Any CPU
		{965BB116-B0E0-4BAC-B1D3-C1F573420F37}.Debug|x64.ActiveCfg = Debug|Any CPU
		{965BB116-B0E0-4BAC-B1D3-C1F573420F37}.Debug|x64.Build.0 = Debug|Any CPU
		{965BB116-B0E0-4BAC-B1D3-C1F573420F37}.Debug|x86.ActiveCfg = Debug|Any CPU
		{965BB116-B0E0-4BAC-B1D3-C1F573420F37}.Debug|x86.Build.0 = Debug|Any CPU
		{965BB116-B0E0-4BAC-B1D3-C1F573420F37}.Release|Any CPU.ActiveCfg = Release|Any CPU
		{965BB116-B0E0-4BAC-B1D3-C1F573420F37}.Release|Any CPU.Build.0 = Release|Any CPU
		{965BB116-B0E0-4BAC-B1D3-C1F573420F37}.Release|ARM.ActiveCfg = Release|Any CPU
		{965BB116-B0E0-4BAC-B1D3-C1F573420F37}.Release|ARM.Build.0 = Release|Any CPU
		{965BB116-B0E0-4BAC-B1D3-C1F573420F37}.Release|ARM64.ActiveCfg = Release|Any CPU
		{965BB116-B0E0-4BAC-B1D3-C1F573420F37}.Release|ARM64.Build.0 = Release|Any CPU
		{965BB116-B0E0-4BAC-B1D3-C1F573420F37}.Release|Mixed Platforms.ActiveCfg = Release|Any CPU
		{965BB116-B0E0-4BAC-B1D3-C1F573420F37}.Release|Mixed Platforms.Build.0 = Release|Any CPU
		{965BB116-B0E0-4BAC-B1D3-C1F573420F37}.Release|x64.ActiveCfg = Release|Any CPU
		{965BB116-B0E0-4BAC-B1D3-C1F573420F37}.Release|x64.Build.0 = Release|Any CPU
		{965BB116-B0E0-4BAC-B1D3-C1F573420F37}.Release|x86.ActiveCfg = Release|Any CPU
		{965BB116-B0E0-4BAC-B1D3-C1F573420F37}.Release|x86.Build.0 = Release|Any CPU
		{3059BA7E-5590-4BBC-A38E-1AEDC7D8A8A1}.Debug|Any CPU.ActiveCfg = Debug|Any CPU
		{3059BA7E-5590-4BBC-A38E-1AEDC7D8A8A1}.Debug|Any CPU.Build.0 = Debug|Any CPU
		{3059BA7E-5590-4BBC-A38E-1AEDC7D8A8A1}.Debug|ARM.ActiveCfg = Debug|Any CPU
		{3059BA7E-5590-4BBC-A38E-1AEDC7D8A8A1}.Debug|ARM.Build.0 = Debug|Any CPU
		{3059BA7E-5590-4BBC-A38E-1AEDC7D8A8A1}.Debug|ARM64.ActiveCfg = Debug|Any CPU
		{3059BA7E-5590-4BBC-A38E-1AEDC7D8A8A1}.Debug|ARM64.Build.0 = Debug|Any CPU
		{3059BA7E-5590-4BBC-A38E-1AEDC7D8A8A1}.Debug|Mixed Platforms.ActiveCfg = Debug|Any CPU
		{3059BA7E-5590-4BBC-A38E-1AEDC7D8A8A1}.Debug|Mixed Platforms.Build.0 = Debug|Any CPU
		{3059BA7E-5590-4BBC-A38E-1AEDC7D8A8A1}.Debug|x64.ActiveCfg = Debug|Any CPU
		{3059BA7E-5590-4BBC-A38E-1AEDC7D8A8A1}.Debug|x64.Build.0 = Debug|Any CPU
		{3059BA7E-5590-4BBC-A38E-1AEDC7D8A8A1}.Debug|x86.ActiveCfg = Debug|Any CPU
		{3059BA7E-5590-4BBC-A38E-1AEDC7D8A8A1}.Debug|x86.Build.0 = Debug|Any CPU
		{3059BA7E-5590-4BBC-A38E-1AEDC7D8A8A1}.Release|Any CPU.ActiveCfg = Release|Any CPU
		{3059BA7E-5590-4BBC-A38E-1AEDC7D8A8A1}.Release|Any CPU.Build.0 = Release|Any CPU
		{3059BA7E-5590-4BBC-A38E-1AEDC7D8A8A1}.Release|ARM.ActiveCfg = Release|Any CPU
		{3059BA7E-5590-4BBC-A38E-1AEDC7D8A8A1}.Release|ARM.Build.0 = Release|Any CPU
		{3059BA7E-5590-4BBC-A38E-1AEDC7D8A8A1}.Release|ARM64.ActiveCfg = Release|Any CPU
		{3059BA7E-5590-4BBC-A38E-1AEDC7D8A8A1}.Release|ARM64.Build.0 = Release|Any CPU
		{3059BA7E-5590-4BBC-A38E-1AEDC7D8A8A1}.Release|Mixed Platforms.ActiveCfg = Release|Any CPU
		{3059BA7E-5590-4BBC-A38E-1AEDC7D8A8A1}.Release|Mixed Platforms.Build.0 = Release|Any CPU
		{3059BA7E-5590-4BBC-A38E-1AEDC7D8A8A1}.Release|x64.ActiveCfg = Release|Any CPU
		{3059BA7E-5590-4BBC-A38E-1AEDC7D8A8A1}.Release|x64.Build.0 = Release|Any CPU
		{3059BA7E-5590-4BBC-A38E-1AEDC7D8A8A1}.Release|x86.ActiveCfg = Release|Any CPU
		{3059BA7E-5590-4BBC-A38E-1AEDC7D8A8A1}.Release|x86.Build.0 = Release|Any CPU
		{5D35001D-5C45-4035-9484-8CD3D2EDAAF8}.Debug|Any CPU.ActiveCfg = Debug|Any CPU
		{5D35001D-5C45-4035-9484-8CD3D2EDAAF8}.Debug|Any CPU.Build.0 = Debug|Any CPU
		{5D35001D-5C45-4035-9484-8CD3D2EDAAF8}.Debug|ARM.ActiveCfg = Debug|Any CPU
		{5D35001D-5C45-4035-9484-8CD3D2EDAAF8}.Debug|ARM.Build.0 = Debug|Any CPU
		{5D35001D-5C45-4035-9484-8CD3D2EDAAF8}.Debug|ARM64.ActiveCfg = Debug|Any CPU
		{5D35001D-5C45-4035-9484-8CD3D2EDAAF8}.Debug|ARM64.Build.0 = Debug|Any CPU
		{5D35001D-5C45-4035-9484-8CD3D2EDAAF8}.Debug|Mixed Platforms.ActiveCfg = Debug|Any CPU
		{5D35001D-5C45-4035-9484-8CD3D2EDAAF8}.Debug|Mixed Platforms.Build.0 = Debug|Any CPU
		{5D35001D-5C45-4035-9484-8CD3D2EDAAF8}.Debug|x64.ActiveCfg = Debug|Any CPU
		{5D35001D-5C45-4035-9484-8CD3D2EDAAF8}.Debug|x64.Build.0 = Debug|Any CPU
		{5D35001D-5C45-4035-9484-8CD3D2EDAAF8}.Debug|x86.ActiveCfg = Debug|Any CPU
		{5D35001D-5C45-4035-9484-8CD3D2EDAAF8}.Debug|x86.Build.0 = Debug|Any CPU
		{5D35001D-5C45-4035-9484-8CD3D2EDAAF8}.Release|Any CPU.ActiveCfg = Release|Any CPU
		{5D35001D-5C45-4035-9484-8CD3D2EDAAF8}.Release|Any CPU.Build.0 = Release|Any CPU
		{5D35001D-5C45-4035-9484-8CD3D2EDAAF8}.Release|ARM.ActiveCfg = Release|Any CPU
		{5D35001D-5C45-4035-9484-8CD3D2EDAAF8}.Release|ARM.Build.0 = Release|Any CPU
		{5D35001D-5C45-4035-9484-8CD3D2EDAAF8}.Release|ARM64.ActiveCfg = Release|Any CPU
		{5D35001D-5C45-4035-9484-8CD3D2EDAAF8}.Release|ARM64.Build.0 = Release|Any CPU
		{5D35001D-5C45-4035-9484-8CD3D2EDAAF8}.Release|Mixed Platforms.ActiveCfg = Release|Any CPU
		{5D35001D-5C45-4035-9484-8CD3D2EDAAF8}.Release|Mixed Platforms.Build.0 = Release|Any CPU
		{5D35001D-5C45-4035-9484-8CD3D2EDAAF8}.Release|x64.ActiveCfg = Release|Any CPU
		{5D35001D-5C45-4035-9484-8CD3D2EDAAF8}.Release|x64.Build.0 = Release|Any CPU
		{5D35001D-5C45-4035-9484-8CD3D2EDAAF8}.Release|x86.ActiveCfg = Release|Any CPU
		{5D35001D-5C45-4035-9484-8CD3D2EDAAF8}.Release|x86.Build.0 = Release|Any CPU
		{0BE78AF8-2899-4EC8-A4F2-E4FB33D59B21}.Debug|Any CPU.ActiveCfg = Debug|Any CPU
		{0BE78AF8-2899-4EC8-A4F2-E4FB33D59B21}.Debug|Any CPU.Build.0 = Debug|Any CPU
		{0BE78AF8-2899-4EC8-A4F2-E4FB33D59B21}.Debug|ARM.ActiveCfg = Debug|Any CPU
		{0BE78AF8-2899-4EC8-A4F2-E4FB33D59B21}.Debug|ARM.Build.0 = Debug|Any CPU
		{0BE78AF8-2899-4EC8-A4F2-E4FB33D59B21}.Debug|ARM64.ActiveCfg = Debug|Any CPU
		{0BE78AF8-2899-4EC8-A4F2-E4FB33D59B21}.Debug|ARM64.Build.0 = Debug|Any CPU
		{0BE78AF8-2899-4EC8-A4F2-E4FB33D59B21}.Debug|Mixed Platforms.ActiveCfg = Debug|Any CPU
		{0BE78AF8-2899-4EC8-A4F2-E4FB33D59B21}.Debug|Mixed Platforms.Build.0 = Debug|Any CPU
		{0BE78AF8-2899-4EC8-A4F2-E4FB33D59B21}.Debug|x64.ActiveCfg = Debug|Any CPU
		{0BE78AF8-2899-4EC8-A4F2-E4FB33D59B21}.Debug|x64.Build.0 = Debug|Any CPU
		{0BE78AF8-2899-4EC8-A4F2-E4FB33D59B21}.Debug|x86.ActiveCfg = Debug|Any CPU
		{0BE78AF8-2899-4EC8-A4F2-E4FB33D59B21}.Debug|x86.Build.0 = Debug|Any CPU
		{0BE78AF8-2899-4EC8-A4F2-E4FB33D59B21}.Release|Any CPU.ActiveCfg = Release|Any CPU
		{0BE78AF8-2899-4EC8-A4F2-E4FB33D59B21}.Release|Any CPU.Build.0 = Release|Any CPU
		{0BE78AF8-2899-4EC8-A4F2-E4FB33D59B21}.Release|ARM.ActiveCfg = Release|Any CPU
		{0BE78AF8-2899-4EC8-A4F2-E4FB33D59B21}.Release|ARM.Build.0 = Release|Any CPU
		{0BE78AF8-2899-4EC8-A4F2-E4FB33D59B21}.Release|ARM64.ActiveCfg = Release|Any CPU
		{0BE78AF8-2899-4EC8-A4F2-E4FB33D59B21}.Release|ARM64.Build.0 = Release|Any CPU
		{0BE78AF8-2899-4EC8-A4F2-E4FB33D59B21}.Release|Mixed Platforms.ActiveCfg = Release|Any CPU
		{0BE78AF8-2899-4EC8-A4F2-E4FB33D59B21}.Release|Mixed Platforms.Build.0 = Release|Any CPU
		{0BE78AF8-2899-4EC8-A4F2-E4FB33D59B21}.Release|x64.ActiveCfg = Release|Any CPU
		{0BE78AF8-2899-4EC8-A4F2-E4FB33D59B21}.Release|x64.Build.0 = Release|Any CPU
		{0BE78AF8-2899-4EC8-A4F2-E4FB33D59B21}.Release|x86.ActiveCfg = Release|Any CPU
		{0BE78AF8-2899-4EC8-A4F2-E4FB33D59B21}.Release|x86.Build.0 = Release|Any CPU
	EndGlobalSection
	GlobalSection(SolutionProperties) = preSolution
		HideSolutionNode = FALSE
	EndGlobalSection
	GlobalSection(ExtensibilityGlobals) = postSolution
		SolutionGuid = {C2D4389B-41E8-40E8-BB73-0692C89335E5}
	EndGlobalSection
	GlobalSection(TestCaseManagementSettings) = postSolution
		CategoryFile = Fasterflect.vsmdi
	EndGlobalSection
EndGlobal
